<?xml version="1.0" encoding="utf-8"?>
<Project ToolsVersion="4.0" xmlns="http://schemas.microsoft.com/developer/msbuild/2003">
  <ItemGroup>
    <ClCompile Include="DriverEntry.cpp" />
    <ClCompile Include="src\Process2Fuzz.cpp">
      <Filter>src</Filter>
    </ClCompile>
    <ClCompile Include="Common\Constants.cpp">
      <Filter>src\Common</Filter>
    </ClCompile>
    <ClCompile Include="src\DbiMonitor.cpp">
      <Filter>src</Filter>
    </ClCompile>
    <ClCompile Include="src\ThreadEvent.cpp">
      <Filter>src</Filter>
    </ClCompile>
    <ClCompile Include="src\ImageInfo.cpp">
      <Filter>src</Filter>
    </ClCompile>
    <ClCompile Include="..\..\Common\base\Common.cpp" />
    <ClCompile Include="..\..\Common\base\libc.cpp" />
    <ClCompile Include="..\..\Common\Kernel\MemoryMapping.cpp" />
    <ClCompile Include="..\..\Common\utils\VADWalker.cpp" />
  </ItemGroup>
  <ItemGroup>
    <ClInclude Include="drv_common.h" />
    <ClInclude Include="Common\Stack.hpp">
      <Filter>src\Common</Filter>
    </ClInclude>
    <ClInclude Include="src\Process2Fuzz.h">
      <Filter>src</Filter>
    </ClInclude>
    <ClInclude Include="Common\Constants.h">
      <Filter>src\Common</Filter>
    </ClInclude>
    <ClInclude Include="src\DbiMonitor.h">
      <Filter>src</Filter>
    </ClInclude>
    <ClInclude Include="src\ThreadEvent.h">
      <Filter>src</Filter>
    </ClInclude>
    <ClInclude Include="src\ImageInfo.h">
      <Filter>src</Filter>
    </ClInclude>
    <ClInclude Include="..\..\Common\base\AutoMalloc.h" />
    <ClInclude Include="..\..\Common\base\AutoObRef.hpp" />
    <ClInclude Include="..\..\Common\base\Common.h" />
    <ClInclude Include="..\..\Common\base\ComparableId.hpp" />
    <ClInclude Include="..\..\Common\base\instrinsics.h" />
    <ClInclude Include="..\..\Common\base\RefCounter.hpp" />
    <ClInclude Include="..\..\Common\base\Shared.h" />
    <ClInclude Include="..\..\Common\base\SharedMacros.hpp" />
    <ClInclude Include="..\..\Common\base\Singleton.hpp" />
    <ClInclude Include="..\..\Common\CPU\msr.h" />
    <ClInclude Include="..\..\Common\FastCall\FastCall.h" />
    <ClInclude Include="..\..\Common\Kernel\Apc.h" />
    <ClInclude Include="..\..\Common\Kernel\AutoId.hpp" />
    <ClInclude Include="..\..\Common\Kernel\IRQL.hpp" />
    <ClInclude Include="..\..\Common\Kernel\Lock.hpp" />
    <ClInclude Include="..\..\Common\Kernel\MemoryMapping.h" />
    <ClInclude Include="..\..\Common\Kernel\MMU.h" />
    <ClInclude Include="..\..\Common\Kernel\MMU.hpp" />
    <ClInclude Include="..\..\Common\Kernel\Process.hpp" />
    <ClInclude Include="..\..\Common\Kernel\Thread.hpp" />
    <ClInclude Include="..\..\Common\UM\AutoHandle.hpp" />
    <ClInclude Include="..\..\Common\UM\PE.hpp" />
    <ClInclude Include="..\..\Common\UM\SubProcessTagResolver.hpp" />
    <ClInclude Include="..\..\Common\utils\AVL.hpp" />
    <ClInclude Include="..\..\Common\utils\BinTreeWalker.hpp" />
    <ClInclude Include="..\..\Common\utils\ColdPatcher.hpp" />
    <ClInclude Include="..\..\Common\utils\CSYSCALL.h" />
    <ClInclude Include="..\..\Common\utils\CSYSCALL.hpp" />
    <ClInclude Include="..\..\Common\utils\Queue.hpp" />
    <ClInclude Include="..\..\Common\utils\SyscallCallbacks.hpp" />
    <ClInclude Include="..\..\Common\utils\HashString.hpp" />
    <ClInclude Include="..\..\Common\utils\LockedContainers.hpp" />
    <ClInclude Include="..\..\Common\utils\MemoryRange.h" />
    <ClInclude Include="..\..\Common\utils\SafePE.hpp" />
    <ClInclude Include="..\..\Common\utils\ProcessCtx.h" />
    <ClInclude Include="..\..\Common\utils\ProcessMonitor.hpp" />
    <ClInclude Include="..\..\Common\utils\Range.h" />
    <ClInclude Include="..\..\Common\utils\Undoc.h" />
    <ClInclude Include="..\..\Common\utils\Undoc.hpp" />
    <ClInclude Include="..\..\Common\utils\Vad.h" />
    <ClInclude Include="..\..\Common\utils\VADWalker.h" />
  </ItemGroup>
  <ItemGroup>
    <ResourceCompile Include="driver_template.rc" />
  </ItemGroup>
  <ItemGroup>
    <Filter Include="Common">
      <UniqueIdentifier>{35b780cc-6498-4203-ad4e-3d2c0f3a7c34}</UniqueIdentifier>
    </Filter>
    <Filter Include="Common\amd64">
      <UniqueIdentifier>{ecf20641-94bd-47be-a8ab-ef1a164c5e7b}</UniqueIdentifier>
    </Filter>
    <Filter Include="Common\base">
      <UniqueIdentifier>{ac20622b-033e-410f-be17-d284eba48867}</UniqueIdentifier>
    </Filter>
    <Filter Include="Common\Kernel">
      <UniqueIdentifier>{be28483d-1059-4b68-b04f-3f3ef9db77aa}</UniqueIdentifier>
    </Filter>
    <Filter Include="Common\CPU">
      <UniqueIdentifier>{3edfaa86-96e3-4c63-8ab7-e107aec508e4}</UniqueIdentifier>
    </Filter>
    <Filter Include="src">
      <UniqueIdentifier>{b30e0f15-a954-4056-9c53-e0e95db208ac}</UniqueIdentifier>
    </Filter>
    <Filter Include="src\Common">
      <UniqueIdentifier>{c695ccd1-59cf-47e9-be2c-ca93750d1969}</UniqueIdentifier>
    </Filter>
    <Filter Include="src\amd64">
      <UniqueIdentifier>{23b99526-6d92-4545-a012-828a6772a52c}</UniqueIdentifier>
    </Filter>
    <Filter Include="Common\utils">
      <UniqueIdentifier>{171cef3f-7106-48bd-9b38-0ce5a8e5b176}</UniqueIdentifier>
    </Filter>
    <Filter Include="Common\FastCall">
      <UniqueIdentifier>{072ada60-b1c5-49df-b0fd-4fe093c7c601}</UniqueIdentifier>
    </Filter>
    <Filter Include="Common\UM">
      <UniqueIdentifier>{1ffd0691-c97e-43ad-a807-05aff32fe5ff}</UniqueIdentifier>
    </Filter>
  </ItemGroup>
  <ItemGroup>
    <MASM Include="..\..\Common\amd64\_instrinsics.asm">
      <Filter>Common\amd64</Filter>
    </MASM>
    <MASM Include="src\amd64\_syscall.asm">
      <Filter>src\amd64</Filter>
    </MASM>
  </ItemGroup>
  <ItemGroup>
    <None Include="..\..\Common\amd64\common.inc">
      <Filter>Common\amd64</Filter>
    </None>
  </ItemGroup>
</Project>